{
  "name": "test",
  "version": "1.0.0",
  "lockfileVersion": 2,
  "requires": true,
  "packages": {
    "": {
      "name": "test",
      "version": "1.0.0",
      "license": "ISC",
      "dependencies": {
        "rudrafirstnpm": "^1.0.0"
      }
    },
    "node_modules/rudrafirstnpm": {
      "version": "1.0.0",
      "resolved": "https://registry.npmjs.org/rudrafirstnpm/-/rudrafirstnpm-1.0.0.tgz",
      "integrity": "sha512-+9LKGNk/zS6HAd37Xspo+IsHr8V/D+CoQ4Z0kRbrrvGD97MJAuuSHsyrfXN7apaBcxBjLMSkvYV+a2gWBc89uw=="
    }
  },
  "dependencies": {
    "rudrafirstnpm": {
      "version": "1.0.0",
      "resolved": "https://registry.npmjs.org/rudrafirstnpm/-/rudrafirstnpm-1.0.0.tgz",
      "integrity": "sha512-+9LKGNk/zS6HAd37Xspo+IsHr8V/D+CoQ4Z0kRbrrvGD97MJAuuSHsyrfXN7apaBcxBjLMSkvYV+a2gWBc89uw=="
    }
  }
}
